
Microsoft Visual Studio Solution File, Format Version 12.00
# Visual Studio Version 17
VisualStudioVersion = 17.6.33815.320
MinimumVisualStudioVersion = 10.0.40219.1
Project("{FAE04EC0-301F-11D3-BF4B-00C04F79EFBC}") = "WebApplication1", "WebApplication1.csproj", "{B8346B74-347B-43C9-9BC7-2DAFD4ACFF65}"
EndProject
Global
	GlobalSection(SolutionConfigurationPlatforms) = preSolution
		Debug|Any CPU = Debug|Any CPU
		Release|Any CPU = Release|Any CPU
	EndGlobalSection
	GlobalSection(ProjectConfigurationPlatforms) = postSolution
		{B8346B74-347B-43C9-9BC7-2DAFD4ACFF65}.Debug|Any CPU.ActiveCfg = Debug|Any CPU
		{B8346B74-347B-43C9-9BC7-2DAFD4ACFF65}.Debug|Any CPU.Build.0 = Debug|Any CPU
		{B8346B74-347B-43C9-9BC7-2DAFD4ACFF65}.Release|Any CPU.ActiveCfg = Release|Any CPU
		{B8346B74-347B-43C9-9BC7-2DAFD4ACFF65}.Release|Any CPU.Build.0 = Release|Any CPU
	EndGlobalSection
	GlobalSection(SolutionProperties) = preSolution
		HideSolutionNode = FALSE
	EndGlobalSection
	GlobalSection(ExtensibilityGlobals) = postSolution
		SolutionGuid = {BF6D8C4B-9389-4416-BCD9-0F4009AEC98F}
	EndGlobalSection
EndGlobal
